
Microsoft Visual Studio Solution File, Format Version 12.00
# Visual Studio Version 16
VisualStudioVersion = 16.0.31515.178
MinimumVisualStudioVersion = 10.0.40219.1
Project("{2150E333-8FDC-42A3-9474-1A3956D46DE8}") = "Services", "Services", "{D279C6E4-830C-48FC-8A64-181D59CFAE4E}"
EndProject
Project("{2150E333-8FDC-42A3-9474-1A3956D46DE8}") = "Catalog", "Catalog", "{16541028-4F1F-47EF-AECC-89B545E08FA0}"
EndProject
Project("{9A19103F-16F7-4668-BE54-9A1E7A4F7556}") = "Catalog.API", "Services\Catalog\Catalog.API\Catalog.API.csproj", "{9E334D65-15B8-4BBC-AFE0-2262861FE8B0}"
EndProject
Project("{E53339B2-1760-4266-BCC7-CA923CBCF16C}") = "docker-compose", "docker-compose.dcproj", "{784D6801-9B5A-4B68-B42E-0A03E664F0D0}"
EndProject
Project("{2150E333-8FDC-42A3-9474-1A3956D46DE8}") = "Basket", "Basket", "{E2C1D84B-15FB-49D7-B6A9-0FAC4FB8135B}"
EndProject
Project("{9A19103F-16F7-4668-BE54-9A1E7A4F7556}") = "Basket.API", "Services\Basket\Basket.API\Basket.API.csproj", "{8EFD4DFC-C128-4000-9B57-3B0094699289}"
EndProject
Project("{2150E333-8FDC-42A3-9474-1A3956D46DE8}") = "Discount", "Discount", "{79FB6D41-2B41-45F1-9240-74DB0F83AA8C}"
EndProject
Project("{9A19103F-16F7-4668-BE54-9A1E7A4F7556}") = "Discount.API", "Services\Discount\Discount.API\Discount.API.csproj", "{50EB4A09-6F4E-47FE-99C8-10785CE63DB8}"
EndProject
Project("{9A19103F-16F7-4668-BE54-9A1E7A4F7556}") = "Discount.Grpc", "Services\Discount\Discount.Grpc\Discount.Grpc.csproj", "{4D2498E9-F3E7-4F86-A7FE-324AC710BE53}"
EndProject
Project("{2150E333-8FDC-42A3-9474-1A3956D46DE8}") = "Ordering", "Ordering", "{8B2793BC-44CE-4439-8DAC-3E4705DF6B45}"
EndProject
Project("{9A19103F-16F7-4668-BE54-9A1E7A4F7556}") = "Ordering.API", "Services\Ordering\Ordering.API\Ordering.API.csproj", "{CDFF8F75-0068-4F57-8A3B-1EA7233F8E48}"
EndProject
Project("{9A19103F-16F7-4668-BE54-9A1E7A4F7556}") = "Ordering.Domain", "Services\Ordering\Ordering.Domain\Ordering.Domain.csproj", "{FE8D2B3D-BF7B-4E81-BFD0-78BB0AC527FC}"
EndProject
Project("{9A19103F-16F7-4668-BE54-9A1E7A4F7556}") = "Ordering.Application", "Services\Ordering\Ordering.Application\Ordering.Application.csproj", "{A4DEE7BB-0E1D-4DE4-A890-EDF7E4455FF9}"
EndProject
Project("{9A19103F-16F7-4668-BE54-9A1E7A4F7556}") = "Ordering.Infrastructure", "Services\Ordering\Ordering.Infrastructure\Ordering.Infrastructure.csproj", "{62AF0BF1-0489-4CB4-84CE-E1C2F6B7D01F}"
EndProject
Project("{2150E333-8FDC-42A3-9474-1A3956D46DE8}") = "BuildingBlocks", "BuildingBlocks", "{895A8D52-31E2-4B35-8FC0-FAE3508F1AD1}"
EndProject
Project("{9A19103F-16F7-4668-BE54-9A1E7A4F7556}") = "EventBus.Messages", "BuildingBlocks\EventBus.Messages\EventBus.Messages.csproj", "{8F4CFAE6-E3B9-4171-B810-6B75EEE6078F}"
EndProject
Project("{2150E333-8FDC-42A3-9474-1A3956D46DE8}") = "ApiGateways", "ApiGateways", "{FC869A22-497C-4189-8A04-EA118CCF90CF}"
EndProject
Project("{9A19103F-16F7-4668-BE54-9A1E7A4F7556}") = "OcelotApiGw", "ApiGateways\OcelotApiGw\OcelotApiGw.csproj", "{7CC3CAA4-2C80-4C91-ACC5-BF8B279456D5}"
EndProject
Project("{9A19103F-16F7-4668-BE54-9A1E7A4F7556}") = "Shopping.Aggregator", "ApiGateways\Shopping.Aggregator\Shopping.Aggregator.csproj", "{A3EC71B9-9180-4114-BB98-7D2FD878CFD4}"
EndProject
Global
	GlobalSection(SolutionConfigurationPlatforms) = preSolution
		Debug|Any CPU = Debug|Any CPU
		Release|Any CPU = Release|Any CPU
	EndGlobalSection
	GlobalSection(ProjectConfigurationPlatforms) = postSolution
		{9E334D65-15B8-4BBC-AFE0-2262861FE8B0}.Debug|Any CPU.ActiveCfg = Debug|Any CPU
		{9E334D65-15B8-4BBC-AFE0-2262861FE8B0}.Debug|Any CPU.Build.0 = Debug|Any CPU
		{9E334D65-15B8-4BBC-AFE0-2262861FE8B0}.Release|Any CPU.ActiveCfg = Release|Any CPU
		{9E334D65-15B8-4BBC-AFE0-2262861FE8B0}.Release|Any CPU.Build.0 = Release|Any CPU
		{784D6801-9B5A-4B68-B42E-0A03E664F0D0}.Debug|Any CPU.ActiveCfg = Debug|Any CPU
		{784D6801-9B5A-4B68-B42E-0A03E664F0D0}.Debug|Any CPU.Build.0 = Debug|Any CPU
		{784D6801-9B5A-4B68-B42E-0A03E664F0D0}.Release|Any CPU.ActiveCfg = Release|Any CPU
		{784D6801-9B5A-4B68-B42E-0A03E664F0D0}.Release|Any CPU.Build.0 = Release|Any CPU
		{8EFD4DFC-C128-4000-9B57-3B0094699289}.Debug|Any CPU.ActiveCfg = Debug|Any CPU
		{8EFD4DFC-C128-4000-9B57-3B0094699289}.Debug|Any CPU.Build.0 = Debug|Any CPU
		{8EFD4DFC-C128-4000-9B57-3B0094699289}.Release|Any CPU.ActiveCfg = Release|Any CPU
		{8EFD4DFC-C128-4000-9B57-3B0094699289}.Release|Any CPU.Build.0 = Release|Any CPU
		{50EB4A09-6F4E-47FE-99C8-10785CE63DB8}.Debug|Any CPU.ActiveCfg = Debug|Any CPU
		{50EB4A09-6F4E-47FE-99C8-10785CE63DB8}.Debug|Any CPU.Build.0 = Debug|Any CPU
		{50EB4A09-6F4E-47FE-99C8-10785CE63DB8}.Release|Any CPU.ActiveCfg = Release|Any CPU
		{50EB4A09-6F4E-47FE-99C8-10785CE63DB8}.Release|Any CPU.Build.0 = Release|Any CPU
		{4D2498E9-F3E7-4F86-A7FE-324AC710BE53}.Debug|Any CPU.ActiveCfg = Debug|Any CPU
		{4D2498E9-F3E7-4F86-A7FE-324AC710BE53}.Debug|Any CPU.Build.0 = Debug|Any CPU
		{4D2498E9-F3E7-4F86-A7FE-324AC710BE53}.Release|Any CPU.ActiveCfg = Release|Any CPU
		{4D2498E9-F3E7-4F86-A7FE-324AC710BE53}.Release|Any CPU.Build.0 = Release|Any CPU
		{CDFF8F75-0068-4F57-8A3B-1EA7233F8E48}.Debug|Any CPU.ActiveCfg = Debug|Any CPU
		{CDFF8F75-0068-4F57-8A3B-1EA7233F8E48}.Debug|Any CPU.Build.0 = Debug|Any CPU
		{CDFF8F75-0068-4F57-8A3B-1EA7233F8E48}.Release|Any CPU.ActiveCfg = Release|Any CPU
		{CDFF8F75-0068-4F57-8A3B-1EA7233F8E48}.Release|Any CPU.Build.0 = Release|Any CPU
		{FE8D2B3D-BF7B-4E81-BFD0-78BB0AC527FC}.Debug|Any CPU.ActiveCfg = Debug|Any CPU
		{FE8D2B3D-BF7B-4E81-BFD0-78BB0AC527FC}.Debug|Any CPU.Build.0 = Debug|Any CPU
		{FE8D2B3D-BF7B-4E81-BFD0-78BB0AC527FC}.Release|Any CPU.ActiveCfg = Release|Any CPU
		{FE8D2B3D-BF7B-4E81-BFD0-78BB0AC527FC}.Release|Any CPU.Build.0 = Release|Any CPU
		{A4DEE7BB-0E1D-4DE4-A890-EDF7E4455FF9}.Debug|Any CPU.ActiveCfg = Debug|Any CPU
		{A4DEE7BB-0E1D-4DE4-A890-EDF7E4455FF9}.Debug|Any CPU.Build.0 = Debug|Any CPU
		{A4DEE7BB-0E1D-4DE4-A890-EDF7E4455FF9}.Release|Any CPU.ActiveCfg = Release|Any CPU
		{A4DEE7BB-0E1D-4DE4-A890-EDF7E4455FF9}.Release|Any CPU.Build.0 = Release|Any CPU
		{62AF0BF1-0489-4CB4-84CE-E1C2F6B7D01F}.Debug|Any CPU.ActiveCfg = Debug|Any CPU
		{62AF0BF1-0489-4CB4-84CE-E1C2F6B7D01F}.Debug|Any CPU.Build.0 = Debug|Any CPU
		{62AF0BF1-0489-4CB4-84CE-E1C2F6B7D01F}.Release|Any CPU.ActiveCfg = Release|Any CPU
		{62AF0BF1-0489-4CB4-84CE-E1C2F6B7D01F}.Release|Any CPU.Build.0 = Release|Any CPU
		{8F4CFAE6-E3B9-4171-B810-6B75EEE6078F}.Debug|Any CPU.ActiveCfg = Debug|Any CPU
		{8F4CFAE6-E3B9-4171-B810-6B75EEE6078F}.Debug|Any CPU.Build.0 = Debug|Any CPU
		{8F4CFAE6-E3B9-4171-B810-6B75EEE6078F}.Release|Any CPU.ActiveCfg = Release|Any CPU
		{8F4CFAE6-E3B9-4171-B810-6B75EEE6078F}.Release|Any CPU.Build.0 = Release|Any CPU
		{7CC3CAA4-2C80-4C91-ACC5-BF8B279456D5}.Debug|Any CPU.ActiveCfg = Debug|Any CPU
		{7CC3CAA4-2C80-4C91-ACC5-BF8B279456D5}.Debug|Any CPU.Build.0 = Debug|Any CPU
		{7CC3CAA4-2C80-4C91-ACC5-BF8B279456D5}.Release|Any CPU.ActiveCfg = Release|Any CPU
		{7CC3CAA4-2C80-4C91-ACC5-BF8B279456D5}.Release|Any CPU.Build.0 = Release|Any CPU
		{A3EC71B9-9180-4114-BB98-7D2FD878CFD4}.Debug|Any CPU.ActiveCfg = Debug|Any CPU
		{A3EC71B9-9180-4114-BB98-7D2FD878CFD4}.Debug|Any CPU.Build.0 = Debug|Any CPU
		{A3EC71B9-9180-4114-BB98-7D2FD878CFD4}.Release|Any CPU.ActiveCfg = Release|Any CPU
		{A3EC71B9-9180-4114-BB98-7D2FD878CFD4}.Release|Any CPU.Build.0 = Release|Any CPU
	EndGlobalSection
	GlobalSection(SolutionProperties) = preSolution
		HideSolutionNode = FALSE
	EndGlobalSection
	GlobalSection(NestedProjects) = preSolution
		{16541028-4F1F-47EF-AECC-89B545E08FA0} = {D279C6E4-830C-48FC-8A64-181D59CFAE4E}
		{9E334D65-15B8-4BBC-AFE0-2262861FE8B0} = {16541028-4F1F-47EF-AECC-89B545E08FA0}
		{E2C1D84B-15FB-49D7-B6A9-0FAC4FB8135B} = {D279C6E4-830C-48FC-8A64-181D59CFAE4E}
		{8EFD4DFC-C128-4000-9B57-3B0094699289} = {E2C1D84B-15FB-49D7-B6A9-0FAC4FB8135B}
		{79FB6D41-2B41-45F1-9240-74DB0F83AA8C} = {D279C6E4-830C-48FC-8A64-181D59CFAE4E}
		{50EB4A09-6F4E-47FE-99C8-10785CE63DB8} = {79FB6D41-2B41-45F1-9240-74DB0F83AA8C}
		{4D2498E9-F3E7-4F86-A7FE-324AC710BE53} = {79FB6D41-2B41-45F1-9240-74DB0F83AA8C}
		{8B2793BC-44CE-4439-8DAC-3E4705DF6B45} = {D279C6E4-830C-48FC-8A64-181D59CFAE4E}
		{CDFF8F75-0068-4F57-8A3B-1EA7233F8E48} = {8B2793BC-44CE-4439-8DAC-3E4705DF6B45}
		{FE8D2B3D-BF7B-4E81-BFD0-78BB0AC527FC} = {8B2793BC-44CE-4439-8DAC-3E4705DF6B45}
		{A4DEE7BB-0E1D-4DE4-A890-EDF7E4455FF9} = {8B2793BC-44CE-4439-8DAC-3E4705DF6B45}
		{62AF0BF1-0489-4CB4-84CE-E1C2F6B7D01F} = {8B2793BC-44CE-4439-8DAC-3E4705DF6B45}
		{8F4CFAE6-E3B9-4171-B810-6B75EEE6078F} = {895A8D52-31E2-4B35-8FC0-FAE3508F1AD1}
		{7CC3CAA4-2C80-4C91-ACC5-BF8B279456D5} = {FC869A22-497C-4189-8A04-EA118CCF90CF}
		{A3EC71B9-9180-4114-BB98-7D2FD878CFD4} = {FC869A22-497C-4189-8A04-EA118CCF90CF}
	EndGlobalSection
	GlobalSection(ExtensibilityGlobals) = postSolution
		SolutionGuid = {4483EAE2-0074-4AA5-BA00-E474CF693C39}
	EndGlobalSection
EndGlobal
